{
  "nodes": {
    "nixpkgs": {
      "locked": {
        "lastModified": 1713145326,
        "narHash": "sha256-m7+IWM6mkWOg22EC5kRUFCycXsXLSU7hWmHdmBfmC3s=",
        "owner": "nixos",
        "repo": "nixpkgs",
        "rev": "53a2c32bc66f5ae41a28d7a9a49d321172af621e",
        "type": "github"
      },
      "original": {
        "owner": "nixos",
        "ref": "nixos-23.11",
        "repo": "nixpkgs",
        "type": "github"
      }
    },
    "nixpkgs-unstable": {
      "locked": {
        "lastModified": 1713248628,
        "narHash": "sha256-NLznXB5AOnniUtZsyy/aPWOk8ussTuePp2acb9U+ISA=",
        "owner": "nixos",
        "repo": "nixpkgs",
        "rev": "5672bc9dbf9d88246ddab5ac454e82318d094bb8",
        "type": "github"
      },
      "original": {
        "owner": "nixos",
        "ref": "nixos-unstable",
        "repo": "nixpkgs",
        "type": "github"
      }
    },
    "root": {
      "inputs": {
        "nixpkgs": "nixpkgs",
        "nixpkgs-unstable": "nixpkgs-unstable"
      }
    }
  },
  "root": "root",
  "version": 7
}
